
Microsoft Visual Studio Solution File, Format Version 12.00
# Visual Studio Version 17
VisualStudioVersion = 17.9.34728.123
MinimumVisualStudioVersion = 10.0.40219.1
Project("{9A19103F-16F7-4668-BE54-9A1E7A4F7556}") = "NZWalks.API", "src\NZWalks.API\NZWalks.API.csproj", "{30490E1E-966D-4296-A550-AB30B8769335}"
EndProject
Global
	GlobalSection(SolutionConfigurationPlatforms) = preSolution
		Debug|Any CPU = Debug|Any CPU
		Release|Any CPU = Release|Any CPU
	EndGlobalSection
	GlobalSection(ProjectConfigurationPlatforms) = postSolution
		{30490E1E-966D-4296-A550-AB30B8769335}.Debug|Any CPU.ActiveCfg = Debug|Any CPU
		{30490E1E-966D-4296-A550-AB30B8769335}.Debug|Any CPU.Build.0 = Debug|Any CPU
		{30490E1E-966D-4296-A550-AB30B8769335}.Release|Any CPU.ActiveCfg = Release|Any CPU
		{30490E1E-966D-4296-A550-AB30B8769335}.Release|Any CPU.Build.0 = Release|Any CPU
	EndGlobalSection
	GlobalSection(SolutionProperties) = preSolution
		HideSolutionNode = FALSE
	EndGlobalSection
	GlobalSection(ExtensibilityGlobals) = postSolution
		SolutionGuid = {C8A3ACB2-B6A5-4264-8045-59054626525E}
	EndGlobalSection
EndGlobal
